hash: 3ecc76a7b56e18b52eafd50fc6aa66ef35291b8b5f22ba9a7222f2e79813f442
updated: 2017-04-24T00:56:51.039448011+02:00
imports:
- name: github.com/aokoli/goutils
  version: 174f97f737d44ae9a2b687a1a2e2e6cc27c62783
- name: github.com/blang/semver
  version: 31b736133b98f26d5e078ec9eb591666edfd091f
- name: github.com/blendle/epp
  version: 225bdbacaf52f2d42f2ceaefded96a8ddd08f8fe
  subpackages:
  - epp
- name: github.com/docopt/docopt-go
  version: 784ddc588536785e7299f7272f39101f7faccc3f
- name: github.com/facebookgo/symwalk
  version: 42004b9f322246749dd73ad71008b1f3160c0052
- name: github.com/flosch/pongo2
  version: 1d0f0d3af150c4a65dfd424d742f7374819e7d29
- name: github.com/ghodss/yaml
  version: 0ca9ea5df5451ffdf184b4428c902747c2c11cd7
- name: github.com/gobwas/glob
  version: bea32b9cd2d6f55753d94a28e959b13f0244797a
  subpackages:
  - compiler
  - match
  - syntax
  - syntax/ast
  - syntax/lexer
  - util/runes
  - util/strings
- name: github.com/golang/glog
  version: 44145f04b68cf362d9c4df2182967c2275eaefed
- name: github.com/golang/protobuf
  version: df1d3ca07d2d07bba352d5b73c4313b4e2a6203e
  subpackages:
  - proto
  - ptypes/any
  - ptypes/timestamp
- name: github.com/juju/errors
  version: 6f54ff6318409d31ff16261533ce2c8381a4fd5d
- name: github.com/Masterminds/semver
  version: 3f0ab6d4ab4bed1c61caf056b63a6e62190c7801
- name: github.com/Masterminds/sprig
  version: 23597e5f6ad0e4d590e71314bfd0251a4a3cf849
- name: github.com/naoina/go-stringutil
  version: 6b638e95a32d0c1131db0e7fe83775cbea4a0d0b
- name: github.com/naoina/toml
  version: 751171607256bb66e64c9f0220c00662420c38e9
  subpackages:
  - ast
- name: github.com/satori/go.uuid
  version: 879c5887cd475cd7864858769793b2ceb0d44feb
- name: golang.org/x/crypto
  version: 1f22c0103821b9390939b6776727195525381532
  subpackages:
  - bcrypt
  - blowfish
  - cast5
  - curve25519
  - openpgp
  - openpgp/armor
  - openpgp/clearsign
  - openpgp/elgamal
  - openpgp/errors
  - openpgp/packet
  - openpgp/s2k
  - pbkdf2
  - pkcs12
  - pkcs12/internal/rc2
  - scrypt
  - ssh
  - ssh/terminal
- name: gopkg.in/yaml.v2
  version: cd8b52f8269e0feb286dfeef29f8fe4d5b397e0b
- name: k8s.io/helm
  version: 32562a3040bb5ca690339b9840b6f60f8ce25da4
  subpackages:
  - pkg/chartutil
  - pkg/downloader
  - pkg/engine
  - pkg/getter/defaultgetters
  - pkg/helm/helmpath
  - pkg/ignore
  - pkg/proto/hapi/chart
  - pkg/proto/hapi/version
  - pkg/provenance
  - pkg/repo
  - pkg/resolver
  - pkg/timeconv
  - pkg/tlsutil
  - pkg/urlutil
- name: k8s.io/kubernetes
  version: ea8f6637b639246faa14a8d5c6f864100fcb77a9
  subpackages:
  - pkg/api
  - pkg/api/errors
  - pkg/api/meta
  - pkg/api/unversioned
  - pkg/api/v1
  - pkg/apis/apps/v1beta1
  - pkg/apis/batch
  - pkg/apis/batch/v1
  - pkg/apis/extensions
  - pkg/apis/extensions/v1beta1
  - pkg/client/clientset_generated/internalclientset
  - pkg/client/clientset_generated/internalclientset/typed/core/internalversion
  - pkg/client/clientset_generated/internalclientset/typed/extensions/internalversion
  - pkg/client/restclient
  - pkg/client/typed/discovery
  - pkg/client/unversioned
  - pkg/client/unversioned/clientcmd
  - pkg/client/unversioned/portforward
  - pkg/client/unversioned/remotecommand
  - pkg/fields
  - pkg/kubectl
  - pkg/kubectl/cmd/util
  - pkg/kubectl/resource
  - pkg/labels
  - pkg/runtime
  - pkg/util/intstr
  - pkg/util/strategicpatch
  - pkg/util/wait
  - pkg/version
  - pkg/watch
testImports: []
