# This file is autogenerated, do not edit; changes may be undone by the next 'dep ensure'.


[[projects]]
  name = "github.com/BurntSushi/toml"
  packages = ["."]
  revision = "b26d9c308763d68093482582cea63d69be07a0f0"
  version = "v0.3.0"

[[projects]]
  name = "github.com/Masterminds/semver"
  packages = ["."]
  revision = "517734cc7d6470c0d07130e40fd40bdeb9bcd3fd"
  version = "v1.3.1"

[[projects]]
  name = "github.com/Masterminds/sprig"
  packages = ["."]
  revision = "4c164950cd0a8d3724ddb78982e2c56dc7f47112"
  version = "v2.13.0"

[[projects]]
  name = "github.com/aokoli/goutils"
  packages = ["."]
  revision = "3391d3790d23d03408670993e957e8f408993c34"
  version = "v1.0.1"

[[projects]]
  name = "github.com/blendle/epp"
  packages = ["epp"]
  revision = "de84831d04e7fd97fe42de190c47fd633162bfeb"
  version = "v2.0.0-rc1"

[[projects]]
  name = "github.com/docopt/docopt-go"
  packages = ["."]
  revision = "784ddc588536785e7299f7272f39101f7faccc3f"
  version = "0.6.2"

[[projects]]
  branch = "master"
  name = "github.com/facebookgo/atomicfile"
  packages = ["."]
  revision = "2de1f203e7d5e386a6833233882782932729f27e"

[[projects]]
  branch = "master"
  name = "github.com/facebookgo/symwalk"
  packages = ["."]
  revision = "42004b9f322246749dd73ad71008b1f3160c0052"

[[projects]]
  name = "github.com/ghodss/yaml"
  packages = ["."]
  revision = "0ca9ea5df5451ffdf184b4428c902747c2c11cd7"
  version = "v1.0.0"

[[projects]]
  name = "github.com/gobwas/glob"
  packages = [".","compiler","match","syntax","syntax/ast","syntax/lexer","util/runes","util/strings"]
  revision = "bea32b9cd2d6f55753d94a28e959b13f0244797a"
  version = "v0.2.2"

[[projects]]
  branch = "master"
  name = "github.com/golang/protobuf"
  packages = ["proto","ptypes/any","ptypes/timestamp"]
  revision = "130e6b02ab059e7b717a096f397c5b60111cae74"

[[projects]]
  branch = "master"
  name = "github.com/huandu/xstrings"
  packages = ["."]
  revision = "d6590c0c31d16526217fa60fbd2067f7afcd78c5"

[[projects]]
  name = "github.com/imdario/mergo"
  packages = ["."]
  revision = "3e95a51e0639b4cf372f2ccf74c86749d747fbdc"
  version = "0.2.2"

[[projects]]
  name = "github.com/satori/go.uuid"
  packages = ["."]
  revision = "879c5887cd475cd7864858769793b2ceb0d44feb"
  version = "v1.1.0"

[[projects]]
  name = "github.com/spf13/pflag"
  packages = ["."]
  revision = "e57e3eeb33f795204c1ca35f56c44f83227c6e66"
  version = "v1.0.0"

[[projects]]
  branch = "master"
  name = "golang.org/x/crypto"
  packages = ["cast5","openpgp","openpgp/armor","openpgp/clearsign","openpgp/elgamal","openpgp/errors","openpgp/packet","openpgp/s2k","pbkdf2","scrypt"]
  revision = "7d9177d70076375b9a59c8fde23d52d9c4a7ecd5"

[[projects]]
  branch = "v2"
  name = "gopkg.in/yaml.v2"
  packages = ["."]
  revision = "eb3733d160e74a9c7e442f435eb3bea458e1d19f"

[[projects]]
  branch = "master"
  name = "k8s.io/apimachinery"
  packages = ["pkg/version"]
  revision = "1168e538ea3ccf444854d1fdd5681d2d876680a7"

[[projects]]
  name = "k8s.io/helm"
  packages = ["cmd/helm/search","pkg/chartutil","pkg/downloader","pkg/engine","pkg/getter","pkg/helm/environment","pkg/helm/helmpath","pkg/ignore","pkg/plugin","pkg/proto/hapi/chart","pkg/proto/hapi/version","pkg/provenance","pkg/repo","pkg/resolver","pkg/timeconv","pkg/tlsutil","pkg/urlutil"]
  revision = "bbc1f71dc03afc5f00c6ac84b9308f8ecb4f39ac"
  version = "v2.6.1"

[solve-meta]
  analyzer-name = "dep"
  analyzer-version = 1
  inputs-digest = "c78bd312deca6db84ee0fecde691efd7938c39d123d1fab1fbb3217c94e7ea8c"
  solver-name = "gps-cdcl"
  solver-version = 1
